
Microsoft Visual Studio Solution File, Format Version 12.00
# Visual Studio 15
VisualStudioVersion = 15.0.26124.0
MinimumVisualStudioVersion = 15.0.26124.0
Project("{2150E333-8FDC-42A3-9474-1A3956D46DE8}") = "src", "src", "{DFD4D47A-31E3-42D2-B586-9D5FF1530E84}"
EndProject
Project("{FAE04EC0-301F-11D3-BF4B-00C04F79EFBC}") = "OrcaMDF.Core", "src\OrcaMDF.Core\OrcaMDF.Core.csproj", "{13515E5C-F19F-4524-8DCF-BF6775D81C75}"
EndProject
Project("{FAE04EC0-301F-11D3-BF4B-00C04F79EFBC}") = "OrcaMDF.Core.Tests", "src\OrcaMDF.Core.Tests\OrcaMDF.Core.Tests.csproj", "{936B60E0-A1CE-4100-80C5-F0CF97A80C11}"
EndProject
Project("{FAE04EC0-301F-11D3-BF4B-00C04F79EFBC}") = "OrcaMDF.Framework", "src\OrcaMDF.Framework\OrcaMDF.Framework.csproj", "{A2B90895-622A-4BFE-BAEB-FF527869ED8C}"
EndProject
Project("{FAE04EC0-301F-11D3-BF4B-00C04F79EFBC}") = "OrcaMDF.Framework.Tests", "src\OrcaMDF.Framework.Tests\OrcaMDF.Framework.Tests.csproj", "{7186BA3B-1C1A-42EE-B194-969E8F9776EF}"
EndProject
Project("{FAE04EC0-301F-11D3-BF4B-00C04F79EFBC}") = "OrcaMDF.OMS", "src\OrcaMDF.OMS\OrcaMDF.OMS.csproj", "{EF723E6A-49D6-4B54-809D-E6B115F72D40}"
EndProject
Project("{FAE04EC0-301F-11D3-BF4B-00C04F79EFBC}") = "OrcaMDF.RawCore", "src\OrcaMDF.RawCore\OrcaMDF.RawCore.csproj", "{8C2CA79D-3FD5-4C3B-B7FD-9D57C0CBA6FE}"
EndProject
Project("{FAE04EC0-301F-11D3-BF4B-00C04F79EFBC}") = "OrcaMDF.RawCore.Tests", "src\OrcaMDF.RawCore.Tests\OrcaMDF.RawCore.Tests.csproj", "{F4B74881-E153-4FA3-B71F-7715C8DEC3B5}"
EndProject
Global
	GlobalSection(SolutionConfigurationPlatforms) = preSolution
		Debug|Any CPU = Debug|Any CPU
		Release|Any CPU = Release|Any CPU
	EndGlobalSection
	GlobalSection(SolutionProperties) = preSolution
		HideSolutionNode = FALSE
	EndGlobalSection
	GlobalSection(ProjectConfigurationPlatforms) = postSolution
		{13515E5C-F19F-4524-8DCF-BF6775D81C75}.Debug|Any CPU.ActiveCfg = Debug|Any CPU
		{13515E5C-F19F-4524-8DCF-BF6775D81C75}.Debug|Any CPU.Build.0 = Debug|Any CPU
		{13515E5C-F19F-4524-8DCF-BF6775D81C75}.Release|Any CPU.ActiveCfg = Release|Any CPU
		{13515E5C-F19F-4524-8DCF-BF6775D81C75}.Release|Any CPU.Build.0 = Release|Any CPU
		{936B60E0-A1CE-4100-80C5-F0CF97A80C11}.Debug|Any CPU.ActiveCfg = Debug|Any CPU
		{936B60E0-A1CE-4100-80C5-F0CF97A80C11}.Debug|Any CPU.Build.0 = Debug|Any CPU
		{936B60E0-A1CE-4100-80C5-F0CF97A80C11}.Release|Any CPU.ActiveCfg = Release|Any CPU
		{936B60E0-A1CE-4100-80C5-F0CF97A80C11}.Release|Any CPU.Build.0 = Release|Any CPU
		{A2B90895-622A-4BFE-BAEB-FF527869ED8C}.Debug|Any CPU.ActiveCfg = Debug|Any CPU
		{A2B90895-622A-4BFE-BAEB-FF527869ED8C}.Debug|Any CPU.Build.0 = Debug|Any CPU
		{A2B90895-622A-4BFE-BAEB-FF527869ED8C}.Release|Any CPU.ActiveCfg = Release|Any CPU
		{A2B90895-622A-4BFE-BAEB-FF527869ED8C}.Release|Any CPU.Build.0 = Release|Any CPU
		{7186BA3B-1C1A-42EE-B194-969E8F9776EF}.Debug|Any CPU.ActiveCfg = Debug|Any CPU
		{7186BA3B-1C1A-42EE-B194-969E8F9776EF}.Debug|Any CPU.Build.0 = Debug|Any CPU
		{7186BA3B-1C1A-42EE-B194-969E8F9776EF}.Release|Any CPU.ActiveCfg = Release|Any CPU
		{7186BA3B-1C1A-42EE-B194-969E8F9776EF}.Release|Any CPU.Build.0 = Release|Any CPU
		{EF723E6A-49D6-4B54-809D-E6B115F72D40}.Debug|Any CPU.ActiveCfg = Debug|Any CPU
		{EF723E6A-49D6-4B54-809D-E6B115F72D40}.Debug|Any CPU.Build.0 = Debug|Any CPU
		{EF723E6A-49D6-4B54-809D-E6B115F72D40}.Release|Any CPU.ActiveCfg = Release|Any CPU
		{EF723E6A-49D6-4B54-809D-E6B115F72D40}.Release|Any CPU.Build.0 = Release|Any CPU
		{8C2CA79D-3FD5-4C3B-B7FD-9D57C0CBA6FE}.Debug|Any CPU.ActiveCfg = Debug|Any CPU
		{8C2CA79D-3FD5-4C3B-B7FD-9D57C0CBA6FE}.Debug|Any CPU.Build.0 = Debug|Any CPU
		{8C2CA79D-3FD5-4C3B-B7FD-9D57C0CBA6FE}.Release|Any CPU.ActiveCfg = Release|Any CPU
		{8C2CA79D-3FD5-4C3B-B7FD-9D57C0CBA6FE}.Release|Any CPU.Build.0 = Release|Any CPU
		{F4B74881-E153-4FA3-B71F-7715C8DEC3B5}.Debug|Any CPU.ActiveCfg = Debug|Any CPU
		{F4B74881-E153-4FA3-B71F-7715C8DEC3B5}.Debug|Any CPU.Build.0 = Debug|Any CPU
		{F4B74881-E153-4FA3-B71F-7715C8DEC3B5}.Release|Any CPU.ActiveCfg = Release|Any CPU
		{F4B74881-E153-4FA3-B71F-7715C8DEC3B5}.Release|Any CPU.Build.0 = Release|Any CPU
	EndGlobalSection
	GlobalSection(NestedProjects) = preSolution
		{13515E5C-F19F-4524-8DCF-BF6775D81C75} = {DFD4D47A-31E3-42D2-B586-9D5FF1530E84}
		{936B60E0-A1CE-4100-80C5-F0CF97A80C11} = {DFD4D47A-31E3-42D2-B586-9D5FF1530E84}
		{A2B90895-622A-4BFE-BAEB-FF527869ED8C} = {DFD4D47A-31E3-42D2-B586-9D5FF1530E84}
		{7186BA3B-1C1A-42EE-B194-969E8F9776EF} = {DFD4D47A-31E3-42D2-B586-9D5FF1530E84}
		{EF723E6A-49D6-4B54-809D-E6B115F72D40} = {DFD4D47A-31E3-42D2-B586-9D5FF1530E84}
		{8C2CA79D-3FD5-4C3B-B7FD-9D57C0CBA6FE} = {DFD4D47A-31E3-42D2-B586-9D5FF1530E84}
		{F4B74881-E153-4FA3-B71F-7715C8DEC3B5} = {DFD4D47A-31E3-42D2-B586-9D5FF1530E84}
	EndGlobalSection
EndGlobal
