
Microsoft Visual Studio Solution File, Format Version 11.00
# Visual Studio 2010
Project("{FAE04EC0-301F-11D3-BF4B-00C04F79EFBC}") = "OrcaMDF.Core", "src\OrcaMDF.Core\OrcaMDF.Core.csproj", "{829A5C51-CB21-4DE2-9021-44F6D804D231}"
EndProject
Project("{FAE04EC0-301F-11D3-BF4B-00C04F79EFBC}") = "OrcaMDF.Adhoc", "src\OrcaMDF.Adhoc\OrcaMDF.Adhoc.csproj", "{C76142C7-7519-480C-AC0B-FE9AF2A527E1}"
EndProject
Project("{FAE04EC0-301F-11D3-BF4B-00C04F79EFBC}") = "OrcaMDF.Core.Tests", "src\OrcaMDF.Core.Tests\OrcaMDF.Core.Tests.csproj", "{C6062A74-A3B2-4102-84D4-A658AA8011B3}"
EndProject
Project("{FAE04EC0-301F-11D3-BF4B-00C04F79EFBC}") = "OrcaMDF.OMS", "src\OrcaMDF.OMS\OrcaMDF.OMS.csproj", "{B93D138E-C67F-43AE-BB84-6BD1C94B5ADB}"
EndProject
Project("{2150E333-8FDC-42A3-9474-1A3956D46DE8}") = ".nuget", ".nuget", "{C2766186-FD59-4C3D-98B5-69741ADB9395}"
	ProjectSection(SolutionItems) = preProject
		.nuget\packages.config = .nuget\packages.config
	EndProjectSection
EndProject
Global
	GlobalSection(SolutionConfigurationPlatforms) = preSolution
		Debug|Any CPU = Debug|Any CPU
		Debug|Mixed Platforms = Debug|Mixed Platforms
		Debug|x86 = Debug|x86
		Release|Any CPU = Release|Any CPU
		Release|Mixed Platforms = Release|Mixed Platforms
		Release|x86 = Release|x86
	EndGlobalSection
	GlobalSection(ProjectConfigurationPlatforms) = postSolution
		{829A5C51-CB21-4DE2-9021-44F6D804D231}.Debug|Any CPU.ActiveCfg = Debug|Any CPU
		{829A5C51-CB21-4DE2-9021-44F6D804D231}.Debug|Any CPU.Build.0 = Debug|Any CPU
		{829A5C51-CB21-4DE2-9021-44F6D804D231}.Debug|Mixed Platforms.ActiveCfg = Debug|Any CPU
		{829A5C51-CB21-4DE2-9021-44F6D804D231}.Debug|Mixed Platforms.Build.0 = Debug|Any CPU
		{829A5C51-CB21-4DE2-9021-44F6D804D231}.Debug|x86.ActiveCfg = Debug|Any CPU
		{829A5C51-CB21-4DE2-9021-44F6D804D231}.Release|Any CPU.ActiveCfg = Release|Any CPU
		{829A5C51-CB21-4DE2-9021-44F6D804D231}.Release|Any CPU.Build.0 = Release|Any CPU
		{829A5C51-CB21-4DE2-9021-44F6D804D231}.Release|Mixed Platforms.ActiveCfg = Release|Any CPU
		{829A5C51-CB21-4DE2-9021-44F6D804D231}.Release|Mixed Platforms.Build.0 = Release|Any CPU
		{829A5C51-CB21-4DE2-9021-44F6D804D231}.Release|x86.ActiveCfg = Release|Any CPU
		{C76142C7-7519-480C-AC0B-FE9AF2A527E1}.Debug|Any CPU.ActiveCfg = Debug|x86
		{C76142C7-7519-480C-AC0B-FE9AF2A527E1}.Debug|Mixed Platforms.ActiveCfg = Debug|x86
		{C76142C7-7519-480C-AC0B-FE9AF2A527E1}.Debug|Mixed Platforms.Build.0 = Debug|x86
		{C76142C7-7519-480C-AC0B-FE9AF2A527E1}.Debug|x86.ActiveCfg = Debug|x86
		{C76142C7-7519-480C-AC0B-FE9AF2A527E1}.Debug|x86.Build.0 = Debug|x86
		{C76142C7-7519-480C-AC0B-FE9AF2A527E1}.Release|Any CPU.ActiveCfg = Release|x86
		{C76142C7-7519-480C-AC0B-FE9AF2A527E1}.Release|Mixed Platforms.ActiveCfg = Release|x86
		{C76142C7-7519-480C-AC0B-FE9AF2A527E1}.Release|Mixed Platforms.Build.0 = Release|x86
		{C76142C7-7519-480C-AC0B-FE9AF2A527E1}.Release|x86.ActiveCfg = Release|x86
		{C76142C7-7519-480C-AC0B-FE9AF2A527E1}.Release|x86.Build.0 = Release|x86
		{C6062A74-A3B2-4102-84D4-A658AA8011B3}.Debug|Any CPU.ActiveCfg = Debug|Any CPU
		{C6062A74-A3B2-4102-84D4-A658AA8011B3}.Debug|Any CPU.Build.0 = Debug|Any CPU
		{C6062A74-A3B2-4102-84D4-A658AA8011B3}.Debug|Mixed Platforms.ActiveCfg = Debug|Any CPU
		{C6062A74-A3B2-4102-84D4-A658AA8011B3}.Debug|Mixed Platforms.Build.0 = Debug|Any CPU
		{C6062A74-A3B2-4102-84D4-A658AA8011B3}.Debug|x86.ActiveCfg = Debug|Any CPU
		{C6062A74-A3B2-4102-84D4-A658AA8011B3}.Release|Any CPU.ActiveCfg = Release|Any CPU
		{C6062A74-A3B2-4102-84D4-A658AA8011B3}.Release|Any CPU.Build.0 = Release|Any CPU
		{C6062A74-A3B2-4102-84D4-A658AA8011B3}.Release|Mixed Platforms.ActiveCfg = Release|Any CPU
		{C6062A74-A3B2-4102-84D4-A658AA8011B3}.Release|Mixed Platforms.Build.0 = Release|Any CPU
		{C6062A74-A3B2-4102-84D4-A658AA8011B3}.Release|x86.ActiveCfg = Release|Any CPU
		{B93D138E-C67F-43AE-BB84-6BD1C94B5ADB}.Debug|Any CPU.ActiveCfg = Debug|x86
		{B93D138E-C67F-43AE-BB84-6BD1C94B5ADB}.Debug|Mixed Platforms.ActiveCfg = Debug|x86
		{B93D138E-C67F-43AE-BB84-6BD1C94B5ADB}.Debug|Mixed Platforms.Build.0 = Debug|x86
		{B93D138E-C67F-43AE-BB84-6BD1C94B5ADB}.Debug|x86.ActiveCfg = Debug|x86
		{B93D138E-C67F-43AE-BB84-6BD1C94B5ADB}.Debug|x86.Build.0 = Debug|x86
		{B93D138E-C67F-43AE-BB84-6BD1C94B5ADB}.Release|Any CPU.ActiveCfg = Release|x86
		{B93D138E-C67F-43AE-BB84-6BD1C94B5ADB}.Release|Mixed Platforms.ActiveCfg = Release|x86
		{B93D138E-C67F-43AE-BB84-6BD1C94B5ADB}.Release|Mixed Platforms.Build.0 = Release|x86
		{B93D138E-C67F-43AE-BB84-6BD1C94B5ADB}.Release|x86.ActiveCfg = Release|x86
		{B93D138E-C67F-43AE-BB84-6BD1C94B5ADB}.Release|x86.Build.0 = Release|x86
	EndGlobalSection
	GlobalSection(SolutionProperties) = preSolution
		HideSolutionNode = FALSE
	EndGlobalSection
EndGlobal
